
Microsoft Visual Studio Solution File, Format Version 12.00
# Visual Studio Version 17
VisualStudioVersion = 17.9.34728.123
MinimumVisualStudioVersion = 10.0.40219.1
Project("{2150E333-8FDC-42A3-9474-1A3956D46DE8}") = "Lib", "Lib", "{06B361D1-19DA-4F72-9507-83E30FE219D1}"
EndProject
Project("{9A19103F-16F7-4668-BE54-9A1E7A4F7556}") = "Energisa.Lib.MicroserviceBase", "Energisa.Lib.MicroserviceBase\Energisa.Lib.MicroserviceBase.csproj", "{C4F66070-35DD-4B7E-BCB7-A71A0BE105E9}"
EndProject
Global
	GlobalSection(SolutionConfigurationPlatforms) = preSolution
		Debug|Any CPU = Debug|Any CPU
		Release|Any CPU = Release|Any CPU
	EndGlobalSection
	GlobalSection(ProjectConfigurationPlatforms) = postSolution
		{C4F66070-35DD-4B7E-BCB7-A71A0BE105E9}.Debug|Any CPU.ActiveCfg = Debug|Any CPU
		{C4F66070-35DD-4B7E-BCB7-A71A0BE105E9}.Debug|Any CPU.Build.0 = Debug|Any CPU
		{C4F66070-35DD-4B7E-BCB7-A71A0BE105E9}.Release|Any CPU.ActiveCfg = Release|Any CPU
		{C4F66070-35DD-4B7E-BCB7-A71A0BE105E9}.Release|Any CPU.Build.0 = Release|Any CPU
	EndGlobalSection
	GlobalSection(SolutionProperties) = preSolution
		HideSolutionNode = FALSE
	EndGlobalSection
	GlobalSection(NestedProjects) = preSolution
		{C4F66070-35DD-4B7E-BCB7-A71A0BE105E9} = {06B361D1-19DA-4F72-9507-83E30FE219D1}
	EndGlobalSection
	GlobalSection(ExtensibilityGlobals) = postSolution
		SolutionGuid = {05E8E03D-CCA0-4F34-86A9-55D34EAD8132}
	EndGlobalSection
EndGlobal
